dependencies:
- name: dex
  repository: https://charts.dexidp.io
  version: 0.9.0
- name: basisregister-fictieve-personen
  repository: https://charts.commonground.nl
  version: 0.1.0
- name: manage-citizens-ui
  repository: https://charts.commonground.nl
  version: 0.1.0
- name: nlx-inway
  repository: file://../../charts/nlx-inway
  version: 0.137.2
- name: nlx-management
  repository: file://../../charts/nlx-management
  version: 0.137.2
- name: nlx-outway
  repository: file://../../charts/nlx-outway
  version: 0.137.2
- name: nlx-txlog-api
  repository: file://../../charts/nlx-txlog-api
  version: 0.137.2
- name: video-player-ui
  repository: file://../../charts/video-player-ui
  version: 0.137.2
- name: websockets-chat-ui
  repository: file://../../charts/websockets-chat-ui
  version: 0.137.2
digest: sha256:7aaf1cdf382e88db50569e36d8540f4cc9c68145c124d28a9f399cb1d6d6b867
generated: "2022-08-16T12:38:49.145175909Z"
