dependencies:
- name: dex
  repository: https://charts.dexidp.io
  version: 0.12.1
- name: basisregister-fictieve-personen
  repository: https://charts.commonground.nl
  version: 0.1.0
- name: manage-citizens-ui
  repository: https://charts.commonground.nl
  version: 0.1.0
- name: nlx-inway
  repository: file://../../charts/nlx-inway
  version: 0.149.4
- name: nlx-management
  repository: file://../../charts/nlx-management
  version: 0.149.4
- name: nlx-outway
  repository: file://../../charts/nlx-outway
  version: 0.149.4
- name: nlx-txlog-api
  repository: file://../../charts/nlx-txlog-api
  version: 0.149.4
- name: video-player-ui
  repository: file://../../charts/video-player-ui
  version: 0.149.4
- name: websockets-chat-ui
  repository: file://../../charts/websockets-chat-ui
  version: 0.149.4
digest: sha256:ca68080a3748859ec3b6c2bdd96388703b001340cfcf12cf38c0ed7fdb5540bd
generated: "2023-10-25T06:01:59.263411927Z"
