dependencies:
- name: dex
  repository: https://charts.dexidp.io
  version: 0.12.1
- name: basisregister-fictieve-personen
  repository: https://charts.commonground.nl
  version: 0.1.0
- name: manage-citizens-ui
  repository: https://charts.commonground.nl
  version: 0.1.0
- name: nlx-inway
  repository: file://../../charts/nlx-inway
  version: 0.146.6
- name: nlx-management
  repository: file://../../charts/nlx-management
  version: 0.146.6
- name: nlx-outway
  repository: file://../../charts/nlx-outway
  version: 0.146.6
- name: nlx-txlog-api
  repository: file://../../charts/nlx-txlog-api
  version: 0.146.6
- name: video-player-ui
  repository: file://../../charts/video-player-ui
  version: 0.146.6
- name: websockets-chat-ui
  repository: file://../../charts/websockets-chat-ui
  version: 0.146.6
digest: sha256:0287b792066ee33fc5324231f9f957e9735fc2053898668ba15e25d664fd1363
generated: "2023-03-02T12:30:50.37293533Z"
