dependencies:
- name: apps-overview
  repository: file://../../charts/apps-overview
  version: 0.139.0
- name: ca-certportal
  repository: file://../../charts/ca-certportal
  version: 0.139.0
- name: ca-cfssl-unsafe
  repository: file://../../charts/ca-cfssl-unsafe
  version: 0.139.0
- name: nlx-directory
  repository: file://../../charts/nlx-directory
  version: 0.139.0
- name: nlx-docs
  repository: file://../../charts/nlx-docs
  version: 0.139.0
digest: sha256:ed3f06141fd1c205975bd12370fabab7059af77b810b5bf7cb548086278b0404
generated: "2022-09-21T07:34:50.914325804Z"
