dependencies:
- name: dex
  repository: https://charts.helm.sh/stable
  version: 2.13.0
- name: parkeerrechten-admin
  repository: file://../../charts/parkeerrechten-admin
  version: 0.121.0
digest: sha256:818b885e63c47c8d1819683566d46d39f92217437ee8261e2fdf229ea30f7930
generated: "2022-01-12T12:36:00.434300174Z"
