dependencies:
- name: dex
  repository: https://charts.helm.sh/stable
  version: 2.13.0
- name: parkeerrechten-admin
  repository: file://../../charts/parkeerrechten-admin
  version: 0.104.0
digest: sha256:6c6fd3d3be83606a0561a0c23cf7c365cb6212059c1e17b5d7225f650ec06094
generated: "2021-06-15T09:56:26.825963832Z"
