dependencies:
- name: parkeerrechten-admin
  repository: https://charts.commonground.nl
  version: 0.2.0
- name: nlx-management
  repository: file://../../charts/nlx-management
  version: 0.143.0
- name: nlx-outway
  repository: file://../../charts/nlx-outway
  version: 0.143.0
- name: nlx-txlog-api
  repository: file://../../charts/nlx-txlog-api
  version: 0.143.0
digest: sha256:4b63c232adc01bfd78c42c06800a58007615f35e16d19f67473bca5be68322d6
generated: "2022-11-08T15:47:27.790157924Z"
