dependencies:
- name: dex
  repository: https://charts.helm.sh/stable
  version: 2.13.0
- name: parkeerrechten-api
  repository: file://../../charts/parkeerrechten-api
  version: 0.121.1
- name: parkeerrechten-viewer
  repository: file://../../charts/parkeerrechten-viewer
  version: 0.121.1
digest: sha256:e2eb0f32adcbce1bdafa2a785bf055ee764e4062c5539155cdf22c87cd5727bd
generated: "2022-01-12T16:06:27.433790139Z"
