dependencies:
- name: dex
  repository: https://charts.helm.sh/stable
  version: 2.13.0
- name: parkeerrechten-api
  repository: file://../../charts/parkeerrechten-api
  version: 0.115.0
- name: parkeerrechten-viewer
  repository: file://../../charts/parkeerrechten-viewer
  version: 0.115.0
digest: sha256:05436802f8780a15b6ecbe5513ed9d5dbed57014c0b06bb80a4db0adcae32d6f
generated: "2021-09-21T14:06:36.499818718Z"
