dependencies:
- name: dex
  repository: https://charts.dexidp.io
  version: 0.12.1
- name: basisregister-fictieve-kentekens
  repository: https://charts.commonground.nl
  version: 0.1.0
- name: nlx-inway
  repository: file://../../charts/nlx-inway
  version: 0.146.7
- name: nlx-management
  repository: file://../../charts/nlx-management
  version: 0.146.7
- name: nlx-txlog-api
  repository: file://../../charts/nlx-txlog-api
  version: 0.146.7
digest: sha256:edbac6ef68960e281462b533097f096ad116aa63bdc75df46e34484e0d0a5197
generated: "2023-03-02T13:16:07.496889578Z"
