dependencies:
- name: dex
  repository: https://charts.dexidp.io
  version: 0.12.1
- name: basisregister-fictieve-kentekens
  repository: https://charts.commonground.nl
  version: 0.1.1
- name: nlx-inway
  repository: file://../../charts/nlx-inway
  version: 0.150.0
- name: nlx-management
  repository: file://../../charts/nlx-management
  version: 0.150.0
- name: nlx-txlog-api
  repository: file://../../charts/nlx-txlog-api
  version: 0.150.0
digest: sha256:461de218c5dfe8a30d890011a7681eb95b5ca534801c44a3f63c971a3dc3d5bd
generated: "2024-09-20T07:09:02.399772528Z"
